<?xml version="1.0" encoding="utf-8"?>
<Project ToolsVersion="4.0" xmlns="http://schemas.microsoft.com/developer/msbuild/2003">
  <ItemGroup>
    <Filter Include="Source Files">
      <UniqueIdentifier>{4FC737F1-C7A5-4376-A066-2A32D752A2FF}</UniqueIdentifier>
      <Extensions>cpp;c;cc;cxx;c++;cppm;ixx;def;odl;idl;hpj;bat;asm;asmx</Extensions>
    </Filter>
    <Filter Include="Header Files">
      <UniqueIdentifier>{93995380-89BD-4b04-88EB-625FBE52EBFB}</UniqueIdentifier>
      <Extensions>h;hh;hpp;hxx;h++;hm;inl;inc;ipp;xsd</Extensions>
    </Filter>
    <Filter Include="Resource Files">
      <UniqueIdentifier>{67DA6AB6-F800-4c08-8B7A-83BB121AAD01}</UniqueIdentifier>
      <Extensions>rc;ico;cur;bmp;dlg;rc2;rct;bin;rgs;gif;jpg;jpeg;jpe;resx;tiff;tif;png;wav;mfcribbon-ms</Extensions>
    </Filter>
  </ItemGroup>
  <ItemGroup>
    <ClInclude Include="include\opengl\VBOLayout.h">
      <Filter>Header Files</Filter>
    </ClInclude>
    <ClInclude Include="include\opengl\VBO.h">
      <Filter>Header Files</Filter>
    </ClInclude>
    <ClInclude Include="include\opengl\VAO.h">
      <Filter>Header Files</Filter>
    </ClInclude>
    <ClInclude Include="include\utils\GLErrorManager.h">
      <Filter>Header Files</Filter>
    </ClInclude>
    <ClInclude Include="include\opengl\EBO.h">
      <Filter>Header Files</Filter>
    </ClInclude>
    <ClInclude Include="include\opengl\Shader.h">
      <Filter>Header Files</Filter>
    </ClInclude>
    <ClInclude Include="include\Scene\Renderer.h">
      <Filter>Header Files</Filter>
    </ClInclude>
    <ClInclude Include="include\opengl\Texture.h">
      <Filter>Header Files</Filter>
    </ClInclude>
    <ClInclude Include="include\utils\myImGuiManager.h">
      <Filter>Header Files</Filter>
    </ClInclude>
    <ClInclude Include="include\core\Application.h">
      <Filter>Header Files</Filter>
    </ClInclude>
    <ClInclude Include="include\Cube.h">
      <Filter>Header Files</Filter>
    </ClInclude>
    <ClInclude Include="include\Scene\Camera.h">
      <Filter>Header Files</Filter>
    </ClInclude>
    <ClInclude Include="vendor\imGui\imconfig.h">
      <Filter>Header Files</Filter>
    </ClInclude>
    <ClInclude Include="vendor\imGui\imgui.h">
      <Filter>Header Files</Filter>
    </ClInclude>
    <ClInclude Include="vendor\imGui\imgui_impl_glfw.h">
      <Filter>Header Files</Filter>
    </ClInclude>
    <ClInclude Include="vendor\imGui\imgui_impl_opengl3.h">
      <Filter>Header Files</Filter>
    </ClInclude>
    <ClInclude Include="vendor\imGui\imgui_impl_opengl3_loader.h">
      <Filter>Header Files</Filter>
    </ClInclude>
    <ClInclude Include="vendor\imGui\imgui_internal.h">
      <Filter>Header Files</Filter>
    </ClInclude>
    <ClInclude Include="vendor\imGui\imstb_rectpack.h">
      <Filter>Header Files</Filter>
    </ClInclude>
    <ClInclude Include="vendor\imGui\imstb_textedit.h">
      <Filter>Header Files</Filter>
    </ClInclude>
    <ClInclude Include="vendor\imGui\imstb_truetype.h">
      <Filter>Header Files</Filter>
    </ClInclude>
    <ClInclude Include="vendor\stb_image\stb_image.h">
      <Filter>Header Files</Filter>
    </ClInclude>
    <ClInclude Include="include\core\Window.h">
      <Filter>Header Files</Filter>
    </ClInclude>
    <ClInclude Include="include\core.h">
      <Filter>Header Files</Filter>
    </ClInclude>
    <ClInclude Include="include\core_utils.h">
      <Filter>Header Files</Filter>
    </ClInclude>
    <ClInclude Include="include\Scene\Scene.h">
      <Filter>Header Files</Filter>
    </ClInclude>
    <ClInclude Include="include\Scene\mesh.h">
      <Filter>Header Files</Filter>
    </ClInclude>
    <ClInclude Include="include\utils\TextureLoader.h">
      <Filter>Header Files</Filter>
    </ClInclude>
    <ClInclude Include="include\Scene\model.h">
      <Filter>Header Files</Filter>
    </ClInclude>
    <ClInclude Include="include\Scene\DirectionalLight.h">
      <Filter>Header Files</Filter>
    </ClInclude>
    <ClInclude Include="include\Scene\Light.h">
      <Filter>Header Files</Filter>
    </ClInclude>
    <ClInclude Include="include\Scene\PointLight.h">
      <Filter>Header Files</Filter>
    </ClInclude>
    <ClInclude Include="include\Scene\LightHelper.h">
      <Filter>Header Files</Filter>
    </ClInclude>
    <ClInclude Include="include\Scene\SpotLight.h">
      <Filter>Header Files</Filter>
    </ClInclude>
    <ClInclude Include="include\Scene\ModelObject.h">
      <Filter>Header Files</Filter>
    </ClInclude>
    <ClInclude Include="src\shapes\Box.h">
      <Filter>Header Files</Filter>
    </ClInclude>
    <ClInclude Include="src\Shapes\Square.h">
      <Filter>Header Files</Filter>
    </ClInclude>
    <ClInclude Include="src\Shapes\SquareTexture.h">
      <Filter>Header Files</Filter>
    </ClInclude>
    <ClInclude Include="src\Shapes\Shape.h">
      <Filter>Header Files</Filter>
    </ClInclude>
    <ClInclude Include="src\Shapes\CubeTexture.h">
      <Filter>Header Files</Filter>
    </ClInclude>
    <ClInclude Include="src\Shapes\Shape.h">
      <Filter>Header Files</Filter>
    </ClInclude>
    <ClInclude Include="src\Shapes\CubeTextureLighting.h">
      <Filter>Header Files</Filter>
    </ClInclude>
  </ItemGroup>
  <ItemGroup>
    <ClCompile Include="src\opengl\VBO.cpp">
      <Filter>Source Files</Filter>
    </ClCompile>
    <ClCompile Include="src\opengl\VAO.cpp">
      <Filter>Source Files</Filter>
    </ClCompile>
    <ClCompile Include="src\main.cpp">
      <Filter>Source Files</Filter>
    </ClCompile>
    <ClCompile Include="src\utils\GLErrorManager.cpp">
      <Filter>Source Files</Filter>
    </ClCompile>
    <ClCompile Include="src\opengl\EBO.cpp">
      <Filter>Source Files</Filter>
    </ClCompile>
    <ClCompile Include="src\glad.c">
      <Filter>Source Files</Filter>
    </ClCompile>
    <ClCompile Include="src\opengl\Shader.cpp">
      <Filter>Source Files</Filter>
    </ClCompile>
    <ClCompile Include="src\opengl\Texture.cpp">
      <Filter>Source Files</Filter>
    </ClCompile>
    <ClCompile Include="src\utils\myImGuiManager.cpp">
      <Filter>Source Files</Filter>
    </ClCompile>
    <ClCompile Include="src\Cube.cpp">
      <Filter>Source Files</Filter>
    </ClCompile>
    <ClCompile Include="vendor\imGui\imgui.cpp">
      <Filter>Source Files</Filter>
    </ClCompile>
    <ClCompile Include="vendor\imGui\imgui_demo.cpp">
      <Filter>Source Files</Filter>
    </ClCompile>
    <ClCompile Include="vendor\imGui\imgui_draw.cpp">
      <Filter>Source Files</Filter>
    </ClCompile>
    <ClCompile Include="vendor\imGui\imgui_impl_glfw.cpp">
      <Filter>Source Files</Filter>
    </ClCompile>
    <ClCompile Include="vendor\imGui\imgui_impl_opengl3.cpp">
      <Filter>Source Files</Filter>
    </ClCompile>
    <ClCompile Include="vendor\imGui\imgui_tables.cpp">
      <Filter>Source Files</Filter>
    </ClCompile>
    <ClCompile Include="vendor\imGui\imgui_widgets.cpp">
      <Filter>Source Files</Filter>
    </ClCompile>
    <ClCompile Include="vendor\stb_image\stb_image.cpp">
      <Filter>Source Files</Filter>
    </ClCompile>
    <ClCompile Include="src\core\Application.cpp">
      <Filter>Source Files</Filter>
    </ClCompile>
    <ClCompile Include="src\Scene\Camera.cpp">
      <Filter>Source Files</Filter>
    </ClCompile>
    <ClCompile Include="src\Scene\Renderer.cpp">
      <Filter>Source Files</Filter>
    </ClCompile>
    <ClCompile Include="src\core\Window.cpp">
      <Filter>Source Files</Filter>
    </ClCompile>
    <ClCompile Include="include\Scene\LightHelper.cpp">
      <Filter>Source Files</Filter>
    </ClCompile>
    <ClCompile Include="src\Scene\ModelObject.cpp">
      <Filter>Source Files</Filter>
    </ClCompile>
    <ClCompile Include="src\Scene\Scene.cpp">
      <Filter>Source Files</Filter>
    </ClCompile>
  </ItemGroup>
  <ItemGroup>
    <None Include="assets\shaders\vertex.vert" />
    <None Include="assets\shaders\fragment.frag" />
    <None Include="assets\shaders\model_loading.frag" />
    <None Include="assets\shaders\model_loading.vert" />
    <None Include="assets\shaders\multiple_lights.vert" />
    <None Include="assets\shaders\multiple_lights.frag" />
    <None Include="assets\shaders\model_loading_Lights.frag" />
    <None Include="assets\shaders\model_loading_Lights.vert" />
    <None Include="assets\shaders\defaultFrag.frag" />
    <None Include="assets\shaders\defaultVert.vert" />
    <None Include="assets\shaders\lightingVert.vert" />
    <None Include="assets\shaders\lightingFrag.frag" />
  </ItemGroup>
  <ItemGroup>
    <Image Include="assets\textures\awesomeface.png">
      <Filter>Resource Files</Filter>
    </Image>
    <Image Include="assets\textures\container.jpg">
      <Filter>Resource Files</Filter>
    </Image>
    <Image Include="assets\textures\shuriken.png">
      <Filter>Resource Files</Filter>
    </Image>
    <Image Include="assets\textures\brickwall.jpg">
      <Filter>Resource Files</Filter>
    </Image>
    <Image Include="assets\textures\container2.png">
      <Filter>Resource Files</Filter>
    </Image>
    <Image Include="assets\textures\container2_specular.png">
      <Filter>Resource Files</Filter>
    </Image>
    <Image Include="assets\textures\g1.jpg">
      <Filter>Resource Files</Filter>
    </Image>
  </ItemGroup>
</Project>